
Microsoft Visual Studio Solution File, Format Version 12.00
# Visual Studio 15
VisualStudioVersion = 15.0.28010.2050
MinimumVisualStudioVersion = 10.0.40219.1
Project("{E24C65DC-7377-472B-9ABA-BC803B73C61A}") = "companyIII", "..\..\..\..\..\websites\companyIII\companyIII\", "{586BCAE2-118F-419F-9BBC-2D4EBAAF2483}"
	ProjectSection(WebsiteProperties) = preProject
		TargetFrameworkMoniker = ".NETFramework,Version%3Dv4.6.1"
		Debug.AspNetCompiler.VirtualPath = "/localhost_54549"
		Debug.AspNetCompiler.PhysicalPath = "..\..\..\..\..\websites\companyIII\companyIII\"
		Debug.AspNetCompiler.TargetPath = "PrecompiledWeb\localhost_54549\"
		Debug.AspNetCompiler.Updateable = "true"
		Debug.AspNetCompiler.ForceOverwrite = "true"
		Debug.AspNetCompiler.FixedNames = "false"
		Debug.AspNetCompiler.Debug = "True"
		Release.AspNetCompiler.VirtualPath = "/localhost_54549"
		Release.AspNetCompiler.PhysicalPath = "..\..\..\..\..\websites\companyIII\companyIII\"
		Release.AspNetCompiler.TargetPath = "PrecompiledWeb\localhost_54549\"
		Release.AspNetCompiler.Updateable = "true"
		Release.AspNetCompiler.ForceOverwrite = "true"
		Release.AspNetCompiler.FixedNames = "false"
		Release.AspNetCompiler.Debug = "False"
		VWDPort = "54549"
	EndProjectSection
EndProject
Global
	GlobalSection(SolutionConfigurationPlatforms) = preSolution
		Debug|Any CPU = Debug|Any CPU
	EndGlobalSection
	GlobalSection(ProjectConfigurationPlatforms) = postSolution
		{586BCAE2-118F-419F-9BBC-2D4EBAAF2483}.Debug|Any CPU.ActiveCfg = Debug|Any CPU
		{586BCAE2-118F-419F-9BBC-2D4EBAAF2483}.Debug|Any CPU.Build.0 = Debug|Any CPU
	EndGlobalSection
	GlobalSection(SolutionProperties) = preSolution
		HideSolutionNode = FALSE
	EndGlobalSection
	GlobalSection(ExtensibilityGlobals) = postSolution
		SolutionGuid = {658E62C0-C407-4031-A120-8C8A409F2347}
	EndGlobalSection
EndGlobal
